// !$*UTF8*$!
{
	archiveVersion = 1;
	classes = {
	};
	objectVersion = 56;
	objects = {

/* Begin PBXBuildFile section */
		5C00F9032AD1C66D0049CAD1 /* MyFishListView.swift in Sources */ = {isa = PBXBuildFile; fileRef = 5C00F9022AD1C66D0049CAD1 /* MyFishListView.swift */; };
		5C06A4E62AE6C1E0005E0EC9 /* PTSerif-Bold.ttf in Resources */ = {isa = PBXBuildFile; fileRef = 5C06A4E52AE6C1E0005E0EC9 /* PTSerif-Bold.ttf */; };
		5C06A4E82AE6C9D4005E0EC9 /* FishPreviewDataProvider.swift in Sources */ = {isa = PBXBuildFile; fileRef = 5C06A4E72AE6C9D4005E0EC9 /* FishPreviewDataProvider.swift */; };
		5C06A4EA2AEA9806005E0EC9 /* UpdateFishView.swift in Sources */ = {isa = PBXBuildFile; fileRef = 5C06A4E92AEA9806005E0EC9 /* UpdateFishView.swift */; };
		5C06A4EC2AEA98CC005E0EC9 /* UpdateFishViewModel.swift in Sources */ = {isa = PBXBuildFile; fileRef = 5C06A4EB2AEA98CC005E0EC9 /* UpdateFishViewModel.swift */; };
		5C06A4F02AF152A3005E0EC9 /* MyFishListItemView.swift in Sources */ = {isa = PBXBuildFile; fileRef = 5C06A4EF2AF152A2005E0EC9 /* MyFishListItemView.swift */; };
		5C33A49C2AFCF5D400A9CD08 /* SearchFishView.swift in Sources */ = {isa = PBXBuildFile; fileRef = 5C33A49B2AFCF5D400A9CD08 /* SearchFishView.swift */; };
		5C33A49F2AFD2ABF00A9CD08 /* AlertToast in Frameworks */ = {isa = PBXBuildFile; productRef = 5C33A49E2AFD2ABF00A9CD08 /* AlertToast */; };
		5C3F28E92AE002D20028DA73 /* Fish.swift in Sources */ = {isa = PBXBuildFile; fileRef = 5C3F28E82AE002D20028DA73 /* Fish.swift */; };
		5C3F28ED2AE142BA0028DA73 /* HTMLScraperUtility.swift in Sources */ = {isa = PBXBuildFile; fileRef = 5C3F28EC2AE142BA0028DA73 /* HTMLScraperUtility.swift */; };
		5C3F28F02AE158050028DA73 /* FishData.swift in Sources */ = {isa = PBXBuildFile; fileRef = 5C3F28EF2AE158050028DA73 /* FishData.swift */; };
		5C3F28F22AE197CD0028DA73 /* AddNewFishView.swift in Sources */ = {isa = PBXBuildFile; fileRef = 5C3F28F12AE197CD0028DA73 /* AddNewFishView.swift */; };
		5C7C62162AF2441100EB0738 /* Constants.swift in Sources */ = {isa = PBXBuildFile; fileRef = 5C7C62152AF2441100EB0738 /* Constants.swift */; };
		5C8719692ADB0C4300CA7D09 /* SwiftSoup in Frameworks */ = {isa = PBXBuildFile; productRef = 5C8719682ADB0C4300CA7D09 /* SwiftSoup */; };
		5C87196C2ADB0C7000CA7D09 /* FishSearchViewModel.swift in Sources */ = {isa = PBXBuildFile; fileRef = 5C87196B2ADB0C7000CA7D09 /* FishSearchViewModel.swift */; };
		5C87196E2ADB11FE00CA7D09 /* FishPreviewProvider.swift in Sources */ = {isa = PBXBuildFile; fileRef = 5C87196D2ADB11FE00CA7D09 /* FishPreviewProvider.swift */; };
		5C8719752ADC21EC00CA7D09 /* PTSerif-BoldItalic.ttf in Resources */ = {isa = PBXBuildFile; fileRef = 5C8719742ADC21EB00CA7D09 /* PTSerif-BoldItalic.ttf */; };
		5C8719772ADC22F600CA7D09 /* PTSerif-Regular.ttf in Resources */ = {isa = PBXBuildFile; fileRef = 5C8719762ADC22F600CA7D09 /* PTSerif-Regular.ttf */; };
		5C87197A2ADC2A5300CA7D09 /* CachedAsyncImage in Frameworks */ = {isa = PBXBuildFile; productRef = 5C8719792ADC2A5300CA7D09 /* CachedAsyncImage */; };
		5C87197C2ADC38D400CA7D09 /* WebView.swift in Sources */ = {isa = PBXBuildFile; fileRef = 5C87197B2ADC38D400CA7D09 /* WebView.swift */; };
		5C9311802AE43B2700D421CB /* AddNewFishViewModel.swift in Sources */ = {isa = PBXBuildFile; fileRef = 5C93117F2AE43B2700D421CB /* AddNewFishViewModel.swift */; };
		5C9311832AE4466900D421CB /* Binding+Extension.swift in Sources */ = {isa = PBXBuildFile; fileRef = 5C9311822AE4466900D421CB /* Binding+Extension.swift */; };
		5CA9E8FE2AFE36D6004821A4 /* NetworkMonitor.swift in Sources */ = {isa = PBXBuildFile; fileRef = 5CA9E8FD2AFE36D6004821A4 /* NetworkMonitor.swift */; };
		5CA9E9002AFE3B4B004821A4 /* NoInternetCardView.swift in Sources */ = {isa = PBXBuildFile; fileRef = 5CA9E8FF2AFE3B4B004821A4 /* NoInternetCardView.swift */; };
		5CAB3A172AD065CE00634047 /* Fisherman_s_KeeperApp.swift in Sources */ = {isa = PBXBuildFile; fileRef = 5CAB3A162AD065CE00634047 /* Fisherman_s_KeeperApp.swift */; };
		5CAB3A192AD065CE00634047 /* ContentView.swift in Sources */ = {isa = PBXBuildFile; fileRef = 5CAB3A182AD065CE00634047 /* ContentView.swift */; };
		5CAB3A1B2AD065D000634047 /* Assets.xcassets in Resources */ = {isa = PBXBuildFile; fileRef = 5CAB3A1A2AD065D000634047 /* Assets.xcassets */; };
		5CAB3A1E2AD065D000634047 /* Preview Assets.xcassets in Resources */ = {isa = PBXBuildFile; fileRef = 5CAB3A1D2AD065D000634047 /* Preview Assets.xcassets */; };
		5CAB3A262AD0664000634047 /* FishCardView.swift in Sources */ = {isa = PBXBuildFile; fileRef = 5CAB3A252AD0664000634047 /* FishCardView.swift */; };
/* End PBXBuildFile section */

/* Begin PBXFileReference section */
		5C00F9022AD1C66D0049CAD1 /* MyFishListView.swift */ = {isa = PBXFileReference; lastKnownFileType = sourcecode.swift; path = MyFishListView.swift; sourceTree = "<group>"; };
		5C06A4E52AE6C1E0005E0EC9 /* PTSerif-Bold.ttf */ = {isa = PBXFileReference; lastKnownFileType = file; path = "PTSerif-Bold.ttf"; sourceTree = "<group>"; };
		5C06A4E72AE6C9D4005E0EC9 /* FishPreviewDataProvider.swift */ = {isa = PBXFileReference; lastKnownFileType = sourcecode.swift; path = FishPreviewDataProvider.swift; sourceTree = "<group>"; };
		5C06A4E92AEA9806005E0EC9 /* UpdateFishView.swift */ = {isa = PBXFileReference; lastKnownFileType = sourcecode.swift; path = UpdateFishView.swift; sourceTree = "<group>"; };
		5C06A4EB2AEA98CC005E0EC9 /* UpdateFishViewModel.swift */ = {isa = PBXFileReference; lastKnownFileType = sourcecode.swift; path = UpdateFishViewModel.swift; sourceTree = "<group>"; };
		5C06A4EF2AF152A2005E0EC9 /* MyFishListItemView.swift */ = {isa = PBXFileReference; lastKnownFileType = sourcecode.swift; path = MyFishListItemView.swift; sourceTree = "<group>"; };
		5C33A49B2AFCF5D400A9CD08 /* SearchFishView.swift */ = {isa = PBXFileReference; lastKnownFileType = sourcecode.swift; path = SearchFishView.swift; sourceTree = "<group>"; };
		5C3F28E82AE002D20028DA73 /* Fish.swift */ = {isa = PBXFileReference; lastKnownFileType = sourcecode.swift; path = Fish.swift; sourceTree = "<group>"; };
		5C3F28EC2AE142BA0028DA73 /* HTMLScraperUtility.swift */ = {isa = PBXFileReference; fileEncoding = 4; lastKnownFileType = sourcecode.swift; path = HTMLScraperUtility.swift; sourceTree = "<group>"; };
		5C3F28EF2AE158050028DA73 /* FishData.swift */ = {isa = PBXFileReference; lastKnownFileType = sourcecode.swift; path = FishData.swift; sourceTree = "<group>"; };
		5C3F28F12AE197CD0028DA73 /* AddNewFishView.swift */ = {isa = PBXFileReference; lastKnownFileType = sourcecode.swift; path = AddNewFishView.swift; sourceTree = "<group>"; };
		5C7C62152AF2441100EB0738 /* Constants.swift */ = {isa = PBXFileReference; lastKnownFileType = sourcecode.swift; path = Constants.swift; sourceTree = "<group>"; };
		5C83421E2AFE75C7005BE4B8 /* Fisherman's Keeper.entitlements */ = {isa = PBXFileReference; lastKnownFileType = text.plist.entitlements; path = "Fisherman's Keeper.entitlements"; sourceTree = "<group>"; };
		5C87196B2ADB0C7000CA7D09 /* FishSearchViewModel.swift */ = {isa = PBXFileReference; lastKnownFileType = sourcecode.swift; path = FishSearchViewModel.swift; sourceTree = "<group>"; };
		5C87196D2ADB11FE00CA7D09 /* FishPreviewProvider.swift */ = {isa = PBXFileReference; lastKnownFileType = sourcecode.swift; path = FishPreviewProvider.swift; sourceTree = "<group>"; };
		5C8719722ADC1FCE00CA7D09 /* Fisherman-s-Keeper-Info.plist */ = {isa = PBXFileReference; lastKnownFileType = text.plist; path = "Fisherman-s-Keeper-Info.plist"; sourceTree = SOURCE_ROOT; };
		5C8719742ADC21EB00CA7D09 /* PTSerif-BoldItalic.ttf */ = {isa = PBXFileReference; lastKnownFileType = file; path = "PTSerif-BoldItalic.ttf"; sourceTree = "<group>"; };
		5C8719762ADC22F600CA7D09 /* PTSerif-Regular.ttf */ = {isa = PBXFileReference; lastKnownFileType = file; path = "PTSerif-Regular.ttf"; sourceTree = "<group>"; };
		5C87197B2ADC38D400CA7D09 /* WebView.swift */ = {isa = PBXFileReference; lastKnownFileType = sourcecode.swift; path = WebView.swift; sourceTree = "<group>"; };
		5C93117F2AE43B2700D421CB /* AddNewFishViewModel.swift */ = {isa = PBXFileReference; lastKnownFileType = sourcecode.swift; path = AddNewFishViewModel.swift; sourceTree = "<group>"; };
		5C9311822AE4466900D421CB /* Binding+Extension.swift */ = {isa = PBXFileReference; lastKnownFileType = sourcecode.swift; path = "Binding+Extension.swift"; sourceTree = "<group>"; };
		5CA9E8FD2AFE36D6004821A4 /* NetworkMonitor.swift */ = {isa = PBXFileReference; lastKnownFileType = sourcecode.swift; path = NetworkMonitor.swift; sourceTree = "<group>"; };
		5CA9E8FF2AFE3B4B004821A4 /* NoInternetCardView.swift */ = {isa = PBXFileReference; lastKnownFileType = sourcecode.swift; path = NoInternetCardView.swift; sourceTree = "<group>"; };
		5CAB3A132AD065CE00634047 /* Fisherman's Keeper.app */ = {isa = PBXFileReference; explicitFileType = wrapper.application; includeInIndex = 0; path = "Fisherman's Keeper.app"; sourceTree = BUILT_PRODUCTS_DIR; };
		5CAB3A162AD065CE00634047 /* Fisherman_s_KeeperApp.swift */ = {isa = PBXFileReference; lastKnownFileType = sourcecode.swift; path = Fisherman_s_KeeperApp.swift; sourceTree = "<group>"; };
		5CAB3A182AD065CE00634047 /* ContentView.swift */ = {isa = PBXFileReference; lastKnownFileType = sourcecode.swift; path = ContentView.swift; sourceTree = "<group>"; };
		5CAB3A1A2AD065D000634047 /* Assets.xcassets */ = {isa = PBXFileReference; lastKnownFileType = folder.assetcatalog; path = Assets.xcassets; sourceTree = "<group>"; };
		5CAB3A1D2AD065D000634047 /* Preview Assets.xcassets */ = {isa = PBXFileReference; lastKnownFileType = folder.assetcatalog; path = "Preview Assets.xcassets"; sourceTree = "<group>"; };
		5CAB3A252AD0664000634047 /* FishCardView.swift */ = {isa = PBXFileReference; lastKnownFileType = sourcecode.swift; path = FishCardView.swift; sourceTree = "<group>"; };
/* End PBXFileReference section */

/* Begin PBXFrameworksBuildPhase section */
		5CAB3A102AD065CE00634047 /* Frameworks */ = {
			isa = PBXFrameworksBuildPhase;
			buildActionMask = 2147483647;
			files = (
				5C33A49F2AFD2ABF00A9CD08 /* AlertToast in Frameworks */,
				5C8719692ADB0C4300CA7D09 /* SwiftSoup in Frameworks */,
				5C87197A2ADC2A5300CA7D09 /* CachedAsyncImage in Frameworks */,
			);
			runOnlyForDeploymentPostprocessing = 0;
		};
/* End PBXFrameworksBuildPhase section */

/* Begin PBXGroup section */
		5C3F28E52AE001FE0028DA73 /* Utilities */ = {
			isa = PBXGroup;
			children = (
				5C3F28EC2AE142BA0028DA73 /* HTMLScraperUtility.swift */,
				5CA9E8FD2AFE36D6004821A4 /* NetworkMonitor.swift */,
			);
			path = Utilities;
			sourceTree = "<group>";
		};
		5C3F28EE2AE143260028DA73 /* SwiftData Model */ = {
			isa = PBXGroup;
			children = (
				5C3F28EF2AE158050028DA73 /* FishData.swift */,
			);
			path = "SwiftData Model";
			sourceTree = "<group>";
		};
		5C87196F2ADC1F7200CA7D09 /* Fonts */ = {
			isa = PBXGroup;
			children = (
				5C8719762ADC22F600CA7D09 /* PTSerif-Regular.ttf */,
				5C8719742ADC21EB00CA7D09 /* PTSerif-BoldItalic.ttf */,
				5C06A4E52AE6C1E0005E0EC9 /* PTSerif-Bold.ttf */,
			);
			path = Fonts;
			sourceTree = "<group>";
		};
		5C9311812AE4464800D421CB /* Extensions */ = {
			isa = PBXGroup;
			children = (
				5C9311822AE4466900D421CB /* Binding+Extension.swift */,
			);
			path = Extensions;
			sourceTree = "<group>";
		};
		5CA9E8FC2AFE36B0004821A4 /* Globals */ = {
			isa = PBXGroup;
			children = (
				5C7C62152AF2441100EB0738 /* Constants.swift */,
			);
			path = Globals;
			sourceTree = "<group>";
		};
		5CAB3A0A2AD065CE00634047 = {
			isa = PBXGroup;
			children = (
				5CAB3A152AD065CE00634047 /* Fisherman's Keeper */,
				5CAB3A142AD065CE00634047 /* Products */,
			);
			sourceTree = "<group>";
		};
		5CAB3A142AD065CE00634047 /* Products */ = {
			isa = PBXGroup;
			children = (
				5CAB3A132AD065CE00634047 /* Fisherman's Keeper.app */,
			);
			name = Products;
			sourceTree = "<group>";
		};
		5CAB3A152AD065CE00634047 /* Fisherman's Keeper */ = {
			isa = PBXGroup;
			children = (
				5C83421E2AFE75C7005BE4B8 /* Fisherman's Keeper.entitlements */,
				5CA9E8FC2AFE36B0004821A4 /* Globals */,
				5C9311812AE4464800D421CB /* Extensions */,
				5C3F28E52AE001FE0028DA73 /* Utilities */,
				5C8719722ADC1FCE00CA7D09 /* Fisherman-s-Keeper-Info.plist */,
				5CAB3A162AD065CE00634047 /* Fisherman_s_KeeperApp.swift */,
				5CF259A82AD5AB6A006364D0 /* ViewModels */,
				5CF259A52AD4610A006364D0 /* Models */,
				5C87196F2ADC1F7200CA7D09 /* Fonts */,
				5CAB3A242AD0662500634047 /* Views */,
				5CAB3A1A2AD065D000634047 /* Assets.xcassets */,
				5CAB3A1C2AD065D000634047 /* Preview Content */,
			);
			path = "Fisherman's Keeper";
			sourceTree = "<group>";
		};
		5CAB3A1C2AD065D000634047 /* Preview Content */ = {
			isa = PBXGroup;
			children = (
				5CAB3A1D2AD065D000634047 /* Preview Assets.xcassets */,
				5C87196D2ADB11FE00CA7D09 /* FishPreviewProvider.swift */,
				5C06A4E72AE6C9D4005E0EC9 /* FishPreviewDataProvider.swift */,
			);
			path = "Preview Content";
			sourceTree = "<group>";
		};
		5CAB3A242AD0662500634047 /* Views */ = {
			isa = PBXGroup;
			children = (
				5CAB3A182AD065CE00634047 /* ContentView.swift */,
				5C3F28F12AE197CD0028DA73 /* AddNewFishView.swift */,
				5C33A49B2AFCF5D400A9CD08 /* SearchFishView.swift */,
				5C06A4E92AEA9806005E0EC9 /* UpdateFishView.swift */,
				5C06A4EF2AF152A2005E0EC9 /* MyFishListItemView.swift */,
				5CAB3A252AD0664000634047 /* FishCardView.swift */,
				5C00F9022AD1C66D0049CAD1 /* MyFishListView.swift */,
				5C87197B2ADC38D400CA7D09 /* WebView.swift */,
				5CA9E8FF2AFE3B4B004821A4 /* NoInternetCardView.swift */,
			);
			path = Views;
			sourceTree = "<group>";
		};
		5CF259A52AD4610A006364D0 /* Models */ = {
			isa = PBXGroup;
			children = (
				5C3F28EE2AE143260028DA73 /* SwiftData Model */,
				5C3F28E82AE002D20028DA73 /* Fish.swift */,
			);
			path = Models;
			sourceTree = "<group>";
		};
		5CF259A82AD5AB6A006364D0 /* ViewModels */ = {
			isa = PBXGroup;
			children = (
				5C93117F2AE43B2700D421CB /* AddNewFishViewModel.swift */,
				5C06A4EB2AEA98CC005E0EC9 /* UpdateFishViewModel.swift */,
				5C87196B2ADB0C7000CA7D09 /* FishSearchViewModel.swift */,
			);
			path = ViewModels;
			sourceTree = "<group>";
		};
/* End PBXGroup section */

/* Begin PBXNativeTarget section */
		5CAB3A122AD065CE00634047 /* Fisherman's Keeper */ = {
			isa = PBXNativeTarget;
			buildConfigurationList = 5CAB3A212AD065D000634047 /* Build configuration list for PBXNativeTarget "Fisherman's Keeper" */;
			buildPhases = (
				5CAB3A0F2AD065CE00634047 /* Sources */,
				5CAB3A102AD065CE00634047 /* Frameworks */,
				5CAB3A112AD065CE00634047 /* Resources */,
			);
			buildRules = (
			);
			dependencies = (
			);
			name = "Fisherman's Keeper";
			packageProductDependencies = (
				5C8719682ADB0C4300CA7D09 /* SwiftSoup */,
				5C8719792ADC2A5300CA7D09 /* CachedAsyncImage */,
				5C33A49E2AFD2ABF00A9CD08 /* AlertToast */,
			);
			productName = "Fisherman's Keeper";
			productReference = 5CAB3A132AD065CE00634047 /* Fisherman's Keeper.app */;
			productType = "com.apple.product-type.application";
		};
/* End PBXNativeTarget section */

/* Begin PBXProject section */
		5CAB3A0B2AD065CE00634047 /* Project object */ = {
			isa = PBXProject;
			attributes = {
				BuildIndependentTargetsInParallel = 1;
				LastSwiftUpdateCheck = 1500;
				LastUpgradeCheck = 1500;
				TargetAttributes = {
					5CAB3A122AD065CE00634047 = {
						CreatedOnToolsVersion = 15.0;
					};
				};
			};
			buildConfigurationList = 5CAB3A0E2AD065CE00634047 /* Build configuration list for PBXProject "Fisherman's Keeper" */;
			compatibilityVersion = "Xcode 14.0";
			developmentRegion = en;
			hasScannedForEncodings = 0;
			knownRegions = (
				en,
				Base,
			);
			mainGroup = 5CAB3A0A2AD065CE00634047;
			packageReferences = (
				5C8719672ADB0C4300CA7D09 /* XCRemoteSwiftPackageReference "SwiftSoup" */,
				5C8719782ADC2A5300CA7D09 /* XCRemoteSwiftPackageReference "swiftui-cached-async-image" */,
				5C33A49D2AFD2ABF00A9CD08 /* XCRemoteSwiftPackageReference "AlertToast" */,
			);
			productRefGroup = 5CAB3A142AD065CE00634047 /* Products */;
			projectDirPath = "";
			projectRoot = "";
			targets = (
				5CAB3A122AD065CE00634047 /* Fisherman's Keeper */,
			);
		};
/* End PBXProject section */

/* Begin PBXResourcesBuildPhase section */
		5CAB3A112AD065CE00634047 /* Resources */ = {
			isa = PBXResourcesBuildPhase;
			buildActionMask = 2147483647;
			files = (
				5CAB3A1E2AD065D000634047 /* Preview Assets.xcassets in Resources */,
				5C8719752ADC21EC00CA7D09 /* PTSerif-BoldItalic.ttf in Resources */,
				5CAB3A1B2AD065D000634047 /* Assets.xcassets in Resources */,
				5C06A4E62AE6C1E0005E0EC9 /* PTSerif-Bold.ttf in Resources */,
				5C8719772ADC22F600CA7D09 /* PTSerif-Regular.ttf in Resources */,
			);
			runOnlyForDeploymentPostprocessing = 0;
		};
/* End PBXResourcesBuildPhase section */

/* Begin PBXSourcesBuildPhase section */
		5CAB3A0F2AD065CE00634047 /* Sources */ = {
			isa = PBXSourcesBuildPhase;
			buildActionMask = 2147483647;
			files = (
				5CAB3A262AD0664000634047 /* FishCardView.swift in Sources */,
				5CAB3A192AD065CE00634047 /* ContentView.swift in Sources */,
				5CA9E9002AFE3B4B004821A4 /* NoInternetCardView.swift in Sources */,
				5C00F9032AD1C66D0049CAD1 /* MyFishListView.swift in Sources */,
				5C87196E2ADB11FE00CA7D09 /* FishPreviewProvider.swift in Sources */,
				5C87196C2ADB0C7000CA7D09 /* FishSearchViewModel.swift in Sources */,
				5C06A4EC2AEA98CC005E0EC9 /* UpdateFishViewModel.swift in Sources */,
				5C06A4E82AE6C9D4005E0EC9 /* FishPreviewDataProvider.swift in Sources */,
				5C9311802AE43B2700D421CB /* AddNewFishViewModel.swift in Sources */,
				5C06A4EA2AEA9806005E0EC9 /* UpdateFishView.swift in Sources */,
				5C3F28F22AE197CD0028DA73 /* AddNewFishView.swift in Sources */,
				5CAB3A172AD065CE00634047 /* Fisherman_s_KeeperApp.swift in Sources */,
				5C3F28E92AE002D20028DA73 /* Fish.swift in Sources */,
				5CA9E8FE2AFE36D6004821A4 /* NetworkMonitor.swift in Sources */,
				5C9311832AE4466900D421CB /* Binding+Extension.swift in Sources */,
				5C06A4F02AF152A3005E0EC9 /* MyFishListItemView.swift in Sources */,
				5C3F28F02AE158050028DA73 /* FishData.swift in Sources */,
				5C87197C2ADC38D400CA7D09 /* WebView.swift in Sources */,
				5C3F28ED2AE142BA0028DA73 /* HTMLScraperUtility.swift in Sources */,
				5C33A49C2AFCF5D400A9CD08 /* SearchFishView.swift in Sources */,
				5C7C62162AF2441100EB0738 /* Constants.swift in Sources */,
			);
			runOnlyForDeploymentPostprocessing = 0;
		};
/* End PBXSourcesBuildPhase section */

/* Begin XCBuildConfiguration section */
		5CAB3A1F2AD065D000634047 /* Debug */ = {
			isa = XCBuildConfiguration;
			buildSettings = {
				ALWAYS_SEARCH_USER_PATHS = NO;
				ASSETCATALOG_COMPILER_GENERATE_SWIFT_ASSET_SYMBOL_EXTENSIONS = YES;
				CLANG_ANALYZER_NONNULL = YES;
				CLANG_ANALYZER_NUMBER_OBJECT_CONVERSION = YES_AGGRESSIVE;
				CLANG_CXX_LANGUAGE_STANDARD = "gnu++20";
				CLANG_ENABLE_MODULES = YES;
				CLANG_ENABLE_OBJC_ARC = YES;
				CLANG_ENABLE_OBJC_WEAK = YES;
				CLANG_WARN_BLOCK_CAPTURE_AUTORELEASING = YES;
				CLANG_WARN_BOOL_CONVERSION = YES;
				CLANG_WARN_COMMA = YES;
				CLANG_WARN_CONSTANT_CONVERSION = YES;
				CLANG_WARN_DEPRECATED_OBJC_IMPLEMENTATIONS = YES;
				CLANG_WARN_DIRECT_OBJC_ISA_USAGE = YES_ERROR;
				CLANG_WARN_DOCUMENTATION_COMMENTS = YES;
				CLANG_WARN_EMPTY_BODY = YES;
				CLANG_WARN_ENUM_CONVERSION = YES;
				CLANG_WARN_INFINITE_RECURSION = YES;
				CLANG_WARN_INT_CONVERSION = YES;
				CLANG_WARN_NON_LITERAL_NULL_CONVERSION = YES;
				CLANG_WARN_OBJC_IMPLICIT_RETAIN_SELF = YES;
				CLANG_WARN_OBJC_LITERAL_CONVERSION = YES;
				CLANG_WARN_OBJC_ROOT_CLASS = YES_ERROR;
				CLANG_WARN_QUOTED_INCLUDE_IN_FRAMEWORK_HEADER = YES;
				CLANG_WARN_RANGE_LOOP_ANALYSIS = YES;
				CLANG_WARN_STRICT_PROTOTYPES = YES;
				CLANG_WARN_SUSPICIOUS_MOVE = YES;
				CLANG_WARN_UNGUARDED_AVAILABILITY = YES_AGGRESSIVE;
				CLANG_WARN_UNREACHABLE_CODE = YES;
				CLANG_WARN__DUPLICATE_METHOD_MATCH = YES;
				COPY_PHASE_STRIP = NO;
				DEBUG_INFORMATION_FORMAT = dwarf;
				ENABLE_STRICT_OBJC_MSGSEND = YES;
				ENABLE_TESTABILITY = YES;
				ENABLE_USER_SCRIPT_SANDBOXING = YES;
				GCC_C_LANGUAGE_STANDARD = gnu17;
				GCC_DYNAMIC_NO_PIC = NO;
				GCC_NO_COMMON_BLOCKS = YES;
				GCC_OPTIMIZATION_LEVEL = 0;
				GCC_PREPROCESSOR_DEFINITIONS = (
					"DEBUG=1",
					"$(inherited)",
				);
				GCC_WARN_64_TO_32_BIT_CONVERSION = YES;
				GCC_WARN_ABOUT_RETURN_TYPE = YES_ERROR;
				GCC_WARN_UNDECLARED_SELECTOR = YES;
				GCC_WARN_UNINITIALIZED_AUTOS = YES_AGGRESSIVE;
				GCC_WARN_UNUSED_FUNCTION = YES;
				GCC_WARN_UNUSED_VARIABLE = YES;
				IPHONEOS_DEPLOYMENT_TARGET = 17.0;
				LOCALIZATION_PREFERS_STRING_CATALOGS = YES;
				MTL_ENABLE_DEBUG_INFO = INCLUDE_SOURCE;
				MTL_FAST_MATH = YES;
				ONLY_ACTIVE_ARCH = YES;
				SDKROOT = iphoneos;
				SWIFT_ACTIVE_COMPILATION_CONDITIONS = "DEBUG $(inherited)";
				SWIFT_OPTIMIZATION_LEVEL = "-Onone";
			};
			name = Debug;
		};
		5CAB3A202AD065D000634047 /* Release */ = {
			isa = XCBuildConfiguration;
			buildSettings = {
				ALWAYS_SEARCH_USER_PATHS = NO;
				ASSETCATALOG_COMPILER_GENERATE_SWIFT_ASSET_SYMBOL_EXTENSIONS = YES;
				CLANG_ANALYZER_NONNULL = YES;
				CLANG_ANALYZER_NUMBER_OBJECT_CONVERSION = YES_AGGRESSIVE;
				CLANG_CXX_LANGUAGE_STANDARD = "gnu++20";
				CLANG_ENABLE_MODULES = YES;
				CLANG_ENABLE_OBJC_ARC = YES;
				CLANG_ENABLE_OBJC_WEAK = YES;
				CLANG_WARN_BLOCK_CAPTURE_AUTORELEASING = YES;
				CLANG_WARN_BOOL_CONVERSION = YES;
				CLANG_WARN_COMMA = YES;
				CLANG_WARN_CONSTANT_CONVERSION = YES;
				CLANG_WARN_DEPRECATED_OBJC_IMPLEMENTATIONS = YES;
				CLANG_WARN_DIRECT_OBJC_ISA_USAGE = YES_ERROR;
				CLANG_WARN_DOCUMENTATION_COMMENTS = YES;
				CLANG_WARN_EMPTY_BODY = YES;
				CLANG_WARN_ENUM_CONVERSION = YES;
				CLANG_WARN_INFINITE_RECURSION = YES;
				CLANG_WARN_INT_CONVERSION = YES;
				CLANG_WARN_NON_LITERAL_NULL_CONVERSION = YES;
				CLANG_WARN_OBJC_IMPLICIT_RETAIN_SELF = YES;
				CLANG_WARN_OBJC_LITERAL_CONVERSION = YES;
				CLANG_WARN_OBJC_ROOT_CLASS = YES_ERROR;
				CLANG_WARN_QUOTED_INCLUDE_IN_FRAMEWORK_HEADER = YES;
				CLANG_WARN_RANGE_LOOP_ANALYSIS = YES;
				CLANG_WARN_STRICT_PROTOTYPES = YES;
				CLANG_WARN_SUSPICIOUS_MOVE = YES;
				CLANG_WARN_UNGUARDED_AVAILABILITY = YES_AGGRESSIVE;
				CLANG_WARN_UNREACHABLE_CODE = YES;
				CLANG_WARN__DUPLICATE_METHOD_MATCH = YES;
				COPY_PHASE_STRIP = NO;
				DEBUG_INFORMATION_FORMAT = "dwarf-with-dsym";
				ENABLE_NS_ASSERTIONS = NO;
				ENABLE_STRICT_OBJC_MSGSEND = YES;
				ENABLE_USER_SCRIPT_SANDBOXING = YES;
				GCC_C_LANGUAGE_STANDARD = gnu17;
				GCC_NO_COMMON_BLOCKS = YES;
				GCC_WARN_64_TO_32_BIT_CONVERSION = YES;
				GCC_WARN_ABOUT_RETURN_TYPE = YES_ERROR;
				GCC_WARN_UNDECLARED_SELECTOR = YES;
				GCC_WARN_UNINITIALIZED_AUTOS = YES_AGGRESSIVE;
				GCC_WARN_UNUSED_FUNCTION = YES;
				GCC_WARN_UNUSED_VARIABLE = YES;
				IPHONEOS_DEPLOYMENT_TARGET = 17.0;
				LOCALIZATION_PREFERS_STRING_CATALOGS = YES;
				MTL_ENABLE_DEBUG_INFO = NO;
				MTL_FAST_MATH = YES;
				SDKROOT = iphoneos;
				SWIFT_COMPILATION_MODE = wholemodule;
				VALIDATE_PRODUCT = YES;
			};
			name = Release;
		};
		5CAB3A222AD065D000634047 /* Debug */ = {
			isa = XCBuildConfiguration;
			buildSettings = {
				ASSETCATALOG_COMPILER_APPICON_NAME = AppIcon;
				ASSETCATALOG_COMPILER_GLOBAL_ACCENT_COLOR_NAME = AccentColor;
				CODE_SIGN_ENTITLEMENTS = "Fisherman's Keeper/Fisherman's Keeper.entitlements";
				CODE_SIGN_STYLE = Automatic;
				CURRENT_PROJECT_VERSION = 1;
				DEVELOPMENT_ASSET_PATHS = "\"Fisherman's Keeper/Preview Content\"";
				DEVELOPMENT_TEAM = 96U7DGUQDM;
				ENABLE_PREVIEWS = YES;
				GENERATE_INFOPLIST_FILE = YES;
				INFOPLIST_FILE = "Fisherman-s-Keeper-Info.plist";
				INFOPLIST_KEY_CFBundleDisplayName = "Fisherman's Diary";
				INFOPLIST_KEY_LSApplicationCategoryType = "public.app-category.utilities";
				INFOPLIST_KEY_UIApplicationSceneManifest_Generation = YES;
				INFOPLIST_KEY_UIApplicationSupportsIndirectInputEvents = YES;
				INFOPLIST_KEY_UILaunchScreen_Generation = YES;
				INFOPLIST_KEY_UIStatusBarStyle = "";
				INFOPLIST_KEY_UISupportedInterfaceOrientations = UIInterfaceOrientationPortrait;
				INFOPLIST_KEY_UISupportedInterfaceOrientations_iPad = "UIInterfaceOrientationLandscapeLeft UIInterfaceOrientationLandscapeRight UIInterfaceOrientationPortrait UIInterfaceOrientationPortraitUpsideDown";
				IPHONEOS_DEPLOYMENT_TARGET = 17.0;
				LD_RUNPATH_SEARCH_PATHS = (
					"$(inherited)",
					"@executable_path/Frameworks",
				);
				MARKETING_VERSION = 1.0;
				PRODUCT_BUNDLE_IDENTIFIER = "com.amanbind.fishermans-diary";
				PRODUCT_NAME = "$(TARGET_NAME)";
				SUPPORTED_PLATFORMS = "iphoneos iphonesimulator";
				SUPPORTS_MACCATALYST = NO;
				SWIFT_EMIT_LOC_STRINGS = YES;
				SWIFT_VERSION = 5.0;
				TARGETED_DEVICE_FAMILY = 1;
			};
			name = Debug;
		};
		5CAB3A232AD065D000634047 /* Release */ = {
			isa = XCBuildConfiguration;
			buildSettings = {
				ASSETCATALOG_COMPILER_APPICON_NAME = AppIcon;
				ASSETCATALOG_COMPILER_GLOBAL_ACCENT_COLOR_NAME = AccentColor;
				CODE_SIGN_ENTITLEMENTS = "Fisherman's Keeper/Fisherman's Keeper.entitlements";
				CODE_SIGN_STYLE = Automatic;
				CURRENT_PROJECT_VERSION = 1;
				DEVELOPMENT_ASSET_PATHS = "\"Fisherman's Keeper/Preview Content\"";
				DEVELOPMENT_TEAM = 96U7DGUQDM;
				ENABLE_PREVIEWS = YES;
				GENERATE_INFOPLIST_FILE = YES;
				INFOPLIST_FILE = "Fisherman-s-Keeper-Info.plist";
				INFOPLIST_KEY_CFBundleDisplayName = "Fisherman's Diary";
				INFOPLIST_KEY_LSApplicationCategoryType = "public.app-category.utilities";
				INFOPLIST_KEY_UIApplicationSceneManifest_Generation = YES;
				INFOPLIST_KEY_UIApplicationSupportsIndirectInputEvents = YES;
				INFOPLIST_KEY_UILaunchScreen_Generation = YES;
				INFOPLIST_KEY_UIStatusBarStyle = "";
				INFOPLIST_KEY_UISupportedInterfaceOrientations = UIInterfaceOrientationPortrait;
				INFOPLIST_KEY_UISupportedInterfaceOrientations_iPad = "UIInterfaceOrientationLandscapeLeft UIInterfaceOrientationLandscapeRight UIInterfaceOrientationPortrait UIInterfaceOrientationPortraitUpsideDown";
				IPHONEOS_DEPLOYMENT_TARGET = 17.0;
				LD_RUNPATH_SEARCH_PATHS = (
					"$(inherited)",
					"@executable_path/Frameworks",
				);
				MARKETING_VERSION = 1.0;
				PRODUCT_BUNDLE_IDENTIFIER = "com.amanbind.fishermans-diary";
				PRODUCT_NAME = "$(TARGET_NAME)";
				SUPPORTED_PLATFORMS = "iphoneos iphonesimulator";
				SUPPORTS_MACCATALYST = NO;
				SWIFT_EMIT_LOC_STRINGS = YES;
				SWIFT_VERSION = 5.0;
				TARGETED_DEVICE_FAMILY = 1;
			};
			name = Release;
		};
/* End XCBuildConfiguration section */

/* Begin XCConfigurationList section */
		5CAB3A0E2AD065CE00634047 /* Build configuration list for PBXProject "Fisherman's Keeper" */ = {
			isa = XCConfigurationList;
			buildConfigurations = (
				5CAB3A1F2AD065D000634047 /* Debug */,
				5CAB3A202AD065D000634047 /* Release */,
			);
			defaultConfigurationIsVisible = 0;
			defaultConfigurationName = Release;
		};
		5CAB3A212AD065D000634047 /* Build configuration list for PBXNativeTarget "Fisherman's Keeper" */ = {
			isa = XCConfigurationList;
			buildConfigurations = (
				5CAB3A222AD065D000634047 /* Debug */,
				5CAB3A232AD065D000634047 /* Release */,
			);
			defaultConfigurationIsVisible = 0;
			defaultConfigurationName = Release;
		};
/* End XCConfigurationList section */

/* Begin XCRemoteSwiftPackageReference section */
		5C33A49D2AFD2ABF00A9CD08 /* XCRemoteSwiftPackageReference "AlertToast" */ = {
			isa = XCRemoteSwiftPackageReference;
			repositoryURL = "https://github.com/elai950/AlertToast.git";
			requirement = {
				kind = upToNextMajorVersion;
				minimumVersion = 1.3.9;
			};
		};
		5C8719672ADB0C4300CA7D09 /* XCRemoteSwiftPackageReference "SwiftSoup" */ = {
			isa = XCRemoteSwiftPackageReference;
			repositoryURL = "https://github.com/scinfu/SwiftSoup.git";
			requirement = {
				kind = upToNextMajorVersion;
				minimumVersion = 2.6.1;
			};
		};
		5C8719782ADC2A5300CA7D09 /* XCRemoteSwiftPackageReference "swiftui-cached-async-image" */ = {
			isa = XCRemoteSwiftPackageReference;
			repositoryURL = "https://github.com/lorenzofiamingo/swiftui-cached-async-image";
			requirement = {
				kind = upToNextMajorVersion;
				minimumVersion = 2.1.1;
			};
		};
/* End XCRemoteSwiftPackageReference section */

/* Begin XCSwiftPackageProductDependency section */
		5C33A49E2AFD2ABF00A9CD08 /* AlertToast */ = {
			isa = XCSwiftPackageProductDependency;
			package = 5C33A49D2AFD2ABF00A9CD08 /* XCRemoteSwiftPackageReference "AlertToast" */;
			productName = AlertToast;
		};
		5C8719682ADB0C4300CA7D09 /* SwiftSoup */ = {
			isa = XCSwiftPackageProductDependency;
			package = 5C8719672ADB0C4300CA7D09 /* XCRemoteSwiftPackageReference "SwiftSoup" */;
			productName = SwiftSoup;
		};
		5C8719792ADC2A5300CA7D09 /* CachedAsyncImage */ = {
			isa = XCSwiftPackageProductDependency;
			package = 5C8719782ADC2A5300CA7D09 /* XCRemoteSwiftPackageReference "swiftui-cached-async-image" */;
			productName = CachedAsyncImage;
		};
/* End XCSwiftPackageProductDependency section */
	};
	rootObject = 5CAB3A0B2AD065CE00634047 /* Project object */;
}
